
Microsoft Visual Studio Solution File, Format Version 12.00
# Visual Studio Version 17
VisualStudioVersion = 17.1.32414.318
MinimumVisualStudioVersion = 10.0.40219.1
Project("{9A19103F-16F7-4668-BE54-9A1E7A4F7556}") = "Web", "Web\Web.csproj", "{73612E5B-5708-443A-866B-78450878BB77}"
	ProjectSection(ProjectDependencies) = postProject
		{E341A955-33B4-444D-AACE-A231D02B90A7} = {E341A955-33B4-444D-AACE-A231D02B90A7}
	EndProjectSection
EndProject
Project("{9A19103F-16F7-4668-BE54-9A1E7A4F7556}") = "Logic", "Logic\Logic.csproj", "{E341A955-33B4-444D-AACE-A231D02B90A7}"
EndProject
Project("{9A19103F-16F7-4668-BE54-9A1E7A4F7556}") = "DAL", "DAL\DAL.csproj", "{EFB84F3F-2C02-4598-825D-895482FE12E8}"
EndProject
Project("{9A19103F-16F7-4668-BE54-9A1E7A4F7556}") = "InterfaceDal", "InterfaceDal\InterfaceDal.csproj", "{3C32AF88-67A3-4742-9286-90DE4B13896A}"
EndProject
Project("{FAE04EC0-301F-11D3-BF4B-00C04F79EFBC}") = "InterfaceLogic", "InterfaceLogic\InterfaceLogic.csproj", "{32FA313D-50C5-4681-B47E-D1A2CC1F7A08}"
EndProject
Global
	GlobalSection(SolutionConfigurationPlatforms) = preSolution
		Debug|Any CPU = Debug|Any CPU
		Release|Any CPU = Release|Any CPU
	EndGlobalSection
	GlobalSection(ProjectConfigurationPlatforms) = postSolution
		{73612E5B-5708-443A-866B-78450878BB77}.Debug|Any CPU.ActiveCfg = Debug|Any CPU
		{73612E5B-5708-443A-866B-78450878BB77}.Debug|Any CPU.Build.0 = Debug|Any CPU
		{73612E5B-5708-443A-866B-78450878BB77}.Release|Any CPU.ActiveCfg = Release|Any CPU
		{73612E5B-5708-443A-866B-78450878BB77}.Release|Any CPU.Build.0 = Release|Any CPU
		{E341A955-33B4-444D-AACE-A231D02B90A7}.Debug|Any CPU.ActiveCfg = Debug|Any CPU
		{E341A955-33B4-444D-AACE-A231D02B90A7}.Debug|Any CPU.Build.0 = Debug|Any CPU
		{E341A955-33B4-444D-AACE-A231D02B90A7}.Release|Any CPU.ActiveCfg = Release|Any CPU
		{E341A955-33B4-444D-AACE-A231D02B90A7}.Release|Any CPU.Build.0 = Release|Any CPU
		{EFB84F3F-2C02-4598-825D-895482FE12E8}.Debug|Any CPU.ActiveCfg = Debug|Any CPU
		{EFB84F3F-2C02-4598-825D-895482FE12E8}.Debug|Any CPU.Build.0 = Debug|Any CPU
		{EFB84F3F-2C02-4598-825D-895482FE12E8}.Release|Any CPU.ActiveCfg = Release|Any CPU
		{EFB84F3F-2C02-4598-825D-895482FE12E8}.Release|Any CPU.Build.0 = Release|Any CPU
		{3C32AF88-67A3-4742-9286-90DE4B13896A}.Debug|Any CPU.ActiveCfg = Debug|Any CPU
		{3C32AF88-67A3-4742-9286-90DE4B13896A}.Debug|Any CPU.Build.0 = Debug|Any CPU
		{3C32AF88-67A3-4742-9286-90DE4B13896A}.Release|Any CPU.ActiveCfg = Release|Any CPU
		{3C32AF88-67A3-4742-9286-90DE4B13896A}.Release|Any CPU.Build.0 = Release|Any CPU
		{32FA313D-50C5-4681-B47E-D1A2CC1F7A08}.Debug|Any CPU.ActiveCfg = Debug|Any CPU
		{32FA313D-50C5-4681-B47E-D1A2CC1F7A08}.Debug|Any CPU.Build.0 = Debug|Any CPU
		{32FA313D-50C5-4681-B47E-D1A2CC1F7A08}.Release|Any CPU.ActiveCfg = Release|Any CPU
		{32FA313D-50C5-4681-B47E-D1A2CC1F7A08}.Release|Any CPU.Build.0 = Release|Any CPU
	EndGlobalSection
	GlobalSection(SolutionProperties) = preSolution
		HideSolutionNode = FALSE
	EndGlobalSection
	GlobalSection(ExtensibilityGlobals) = postSolution
		SolutionGuid = {66EA1A6F-C968-474E-B605-2F1DF09B03B6}
	EndGlobalSection
EndGlobal
